{
  "name": "adrifer-winix-config",
  "lockfileVersion": 3,
  "requires": true,
  "packages": {
    "": {
      "name": "adrifer-winix-config",
      "dependencies": {
        "winix": "file:../../repos/winix"
      }
    },
    "../../repos/winix": {
      "version": "0.1.0",
      "bin": {
        "winix": "src/cli/index.ts"
      },
      "devDependencies": {
        "@types/node": "^22.0.0",
        "typescript": "^5.7.0",
        "vitest": "^3.0.0"
      }
    },
    "node_modules/winix": {
      "resolved": "../../repos/winix",
      "link": true
    }
  }
}
