{
  "name": "adrifer-winix-config",
  "lockfileVersion": 3,
  "requires": true,
  "packages": {
    "": {
      "name": "adrifer-winix-config",
      "dependencies": {
        "@adrifer/winix": "^0.2.1"
      },
      "devDependencies": {
        "typescript": "^6.0.3"
      }
    },
    "node_modules/@adrifer/winix": {
      "version": "0.2.1",
      "resolved": "https://registry.npmjs.org/@adrifer/winix/-/winix-0.2.1.tgz",
      "integrity": "sha512-5aU7+/lFdB0p5SvTx06/pSAfuIfXfgEDolB8ijjm1gu9+YJ39pF46CDTydFIu+C4VnxFW2B4G8tKNdNdQR88GQ==",
      "license": "MIT",
      "bin": {
        "winix": "dist/cli/index.js"
      }
    },
    "node_modules/typescript": {
      "version": "6.0.3",
      "resolved": "https://registry.npmjs.org/typescript/-/typescript-6.0.3.tgz",
      "integrity": "sha512-y2TvuxSZPDyQakkFRPZHKFm+KKVqIisdg9/CZwm9ftvKXLP8NRWj38/ODjNbr43SsoXqNuAisEf1GdCxqWcdBw==",
      "dev": true,
      "license": "Apache-2.0",
      "bin": {
        "tsc": "bin/tsc",
        "tsserver": "bin/tsserver"
      },
      "engines": {
        "node": ">=14.17"
      }
    }
  }
}
