{
  "name": "adrifer-winix-config",
  "lockfileVersion": 3,
  "requires": true,
  "packages": {
    "": {
      "name": "adrifer-winix-config",
      "dependencies": {
        "winix": "file:../../repos/winix"
      },
      "devDependencies": {
        "typescript": "^6.0.3"
      }
    },
    "../../repos/winix": {
      "version": "0.1.0",
      "bin": {
        "winix": "dist/cli/index.js"
      },
      "devDependencies": {
        "@types/node": "^22.0.0",
        "typescript": "^5.7.0",
        "vitest": "^3.0.0"
      }
    },
    "node_modules/typescript": {
      "version": "6.0.3",
      "resolved": "https://registry.npmjs.org/typescript/-/typescript-6.0.3.tgz",
      "integrity": "sha512-y2TvuxSZPDyQakkFRPZHKFm+KKVqIisdg9/CZwm9ftvKXLP8NRWj38/ODjNbr43SsoXqNuAisEf1GdCxqWcdBw==",
      "dev": true,
      "license": "Apache-2.0",
      "bin": {
        "tsc": "bin/tsc",
        "tsserver": "bin/tsserver"
      },
      "engines": {
        "node": ">=14.17"
      }
    },
    "node_modules/winix": {
      "resolved": "../../repos/winix",
      "link": true
    }
  }
}
